
Microsoft Visual Studio Solution File, Format Version 12.00
# Visual Studio Version 17
VisualStudioVersion = 17.14.36327.8 d17.14
MinimumVisualStudioVersion = 10.0.40219.1
Project("{FAE04EC0-301F-11D3-BF4B-00C04F79EFBC}") = "Clases-KioPlus", "Clases-KioPlus.csproj", "{BB9414E6-350D-41DE-A89F-B2B568180242}"
EndProject
Global
	GlobalSection(SolutionConfigurationPlatforms) = preSolution
		Debug|Any CPU = Debug|Any CPU
		Release|Any CPU = Release|Any CPU
	EndGlobalSection
	GlobalSection(ProjectConfigurationPlatforms) = postSolution
		{BB9414E6-350D-41DE-A89F-B2B568180242}.Debug|Any CPU.ActiveCfg = Debug|Any CPU
		{BB9414E6-350D-41DE-A89F-B2B568180242}.Debug|Any CPU.Build.0 = Debug|Any CPU
		{BB9414E6-350D-41DE-A89F-B2B568180242}.Release|Any CPU.ActiveCfg = Release|Any CPU
		{BB9414E6-350D-41DE-A89F-B2B568180242}.Release|Any CPU.Build.0 = Release|Any CPU
	EndGlobalSection
	GlobalSection(SolutionProperties) = preSolution
		HideSolutionNode = FALSE
	EndGlobalSection
	GlobalSection(ExtensibilityGlobals) = postSolution
		SolutionGuid = {D7C20F08-F965-4CB1-BE4C-B30C827BA0F1}
	EndGlobalSection
EndGlobal
